
Microsoft Visual Studio Solution File, Format Version 12.00
# Visual Studio Version 16
VisualStudioVersion = 16.0.31605.320
MinimumVisualStudioVersion = 10.0.40219.1
Project("{FAE04EC0-301F-11D3-BF4B-00C04F79EFBC}") = "NewsReaderProjectTest", "NewsReaderProjectTest\NewsReaderProjectTest.csproj", "{16BE4E83-CDB0-4F3A-87CA-0EC7C305BFF4}"
EndProject
Project("{FAE04EC0-301F-11D3-BF4B-00C04F79EFBC}") = "NewsReaderProject", "NewsReaderProject\NewsReaderProject.csproj", "{B8AEE708-D61B-4A2C-A7EC-209DC1CC56A9}"
EndProject
Global
	GlobalSection(SolutionConfigurationPlatforms) = preSolution
		Debug|Any CPU = Debug|Any CPU
		Release|Any CPU = Release|Any CPU
	EndGlobalSection
	GlobalSection(ProjectConfigurationPlatforms) = postSolution
		{16BE4E83-CDB0-4F3A-87CA-0EC7C305BFF4}.Debug|Any CPU.ActiveCfg = Debug|Any CPU
		{16BE4E83-CDB0-4F3A-87CA-0EC7C305BFF4}.Debug|Any CPU.Build.0 = Debug|Any CPU
		{16BE4E83-CDB0-4F3A-87CA-0EC7C305BFF4}.Release|Any CPU.ActiveCfg = Release|Any CPU
		{16BE4E83-CDB0-4F3A-87CA-0EC7C305BFF4}.Release|Any CPU.Build.0 = Release|Any CPU
		{B8AEE708-D61B-4A2C-A7EC-209DC1CC56A9}.Debug|Any CPU.ActiveCfg = Debug|Any CPU
		{B8AEE708-D61B-4A2C-A7EC-209DC1CC56A9}.Debug|Any CPU.Build.0 = Debug|Any CPU
		{B8AEE708-D61B-4A2C-A7EC-209DC1CC56A9}.Release|Any CPU.ActiveCfg = Release|Any CPU
		{B8AEE708-D61B-4A2C-A7EC-209DC1CC56A9}.Release|Any CPU.Build.0 = Release|Any CPU
	EndGlobalSection
	GlobalSection(SolutionProperties) = preSolution
		HideSolutionNode = FALSE
	EndGlobalSection
	GlobalSection(ExtensibilityGlobals) = postSolution
		SolutionGuid = {CFF2E3BF-F382-4DDD-A73E-050B3855A8F9}
	EndGlobalSection
EndGlobal
